
Microsoft Visual Studio Solution File, Format Version 11.00
# Visual Studio 2010
Project("{FAE04EC0-301F-11D3-BF4B-00C04F79EFBC}") = "Assembly-CSharp", "Assembly-CSharp.csproj", "{6010dc33-1819-b705-ecbc-aa211d8964f4}"
EndProject
Project("{FAE04EC0-301F-11D3-BF4B-00C04F79EFBC}") = "Assembly-CSharp-Editor", "Assembly-CSharp-Editor.csproj", "{377d3c96-853c-3c81-5d1c-54594bffd50f}"
EndProject
Project("{FAE04EC0-301F-11D3-BF4B-00C04F79EFBC}") = "GoogleMobileAds.Editor", "GoogleMobileAds.Editor.csproj", "{b9e23d48-2e68-38b9-2611-24b7e5958adb}"
EndProject
Global
	GlobalSection(SolutionConfigurationPlatforms) = preSolution
		Debug|Any CPU = Debug|Any CPU
	EndGlobalSection
	GlobalSection(ProjectConfigurationPlatforms) = postSolution
		{6010dc33-1819-b705-ecbc-aa211d8964f4}.Debug|Any CPU.ActiveCfg = Debug|Any CPU
		{6010dc33-1819-b705-ecbc-aa211d8964f4}.Debug|Any CPU.Build.0 = Debug|Any CPU
		{377d3c96-853c-3c81-5d1c-54594bffd50f}.Debug|Any CPU.ActiveCfg = Debug|Any CPU
		{377d3c96-853c-3c81-5d1c-54594bffd50f}.Debug|Any CPU.Build.0 = Debug|Any CPU
		{b9e23d48-2e68-38b9-2611-24b7e5958adb}.Debug|Any CPU.ActiveCfg = Debug|Any CPU
		{b9e23d48-2e68-38b9-2611-24b7e5958adb}.Debug|Any CPU.Build.0 = Debug|Any CPU
	EndGlobalSection
	GlobalSection(SolutionProperties) = preSolution
		HideSolutionNode = FALSE
	EndGlobalSection
EndGlobal
